
Microsoft Visual Studio Solution File, Format Version 12.00
# Visual Studio Version 17
VisualStudioVersion = 17.8.34601.278
MinimumVisualStudioVersion = 10.0.40219.1
Project("{FAE04EC0-301F-11D3-BF4B-00C04F79EFBC}") = "sybring_personal", "sybring_personal\sybring_personal.csproj", "{CA68FCAF-4F64-437E-B4A1-C3BC8C423AD5}"
EndProject
Global
	GlobalSection(SolutionConfigurationPlatforms) = preSolution
		Debug|Any CPU = Debug|Any CPU
		Release|Any CPU = Release|Any CPU
	EndGlobalSection
	GlobalSection(ProjectConfigurationPlatforms) = postSolution
		{CA68FCAF-4F64-437E-B4A1-C3BC8C423AD5}.Debug|Any CPU.ActiveCfg = Debug|Any CPU
		{CA68FCAF-4F64-437E-B4A1-C3BC8C423AD5}.Debug|Any CPU.Build.0 = Debug|Any CPU
		{CA68FCAF-4F64-437E-B4A1-C3BC8C423AD5}.Release|Any CPU.ActiveCfg = Release|Any CPU
		{CA68FCAF-4F64-437E-B4A1-C3BC8C423AD5}.Release|Any CPU.Build.0 = Release|Any CPU
	EndGlobalSection
	GlobalSection(SolutionProperties) = preSolution
		HideSolutionNode = FALSE
	EndGlobalSection
	GlobalSection(ExtensibilityGlobals) = postSolution
		SolutionGuid = {A344D7F9-649F-442C-B4BD-DB83F9FCF5CD}
	EndGlobalSection
EndGlobal
